<?xml version="1.0" encoding="utf-8"?>
<Project ToolsVersion="4.0" xmlns="http://schemas.microsoft.com/developer/msbuild/2003">
  <ItemGroup>
    <Filter Include="Other Files">
      <UniqueIdentifier>{0eefa0df-ca7f-489c-9844-9a182e1dba18}</UniqueIdentifier>
    </Filter>
    <Filter Include="Resource Files">
      <UniqueIdentifier>{5c65d7b0-dbc3-457b-b062-2662606d3160}</UniqueIdentifier>
      <Extensions>ico;cur;bmp;dlg;rc2;rct;bin;rgs;gif;jpg;jpeg;jpe</Extensions>
    </Filter>
    <Filter Include="C Source Files">
      <UniqueIdentifier>{6a236fae-9c81-4376-87fc-725f282ca48a}</UniqueIdentifier>
    </Filter>
    <Filter Include="Cpp Source Files">
      <UniqueIdentifier>{b6f61c8b-ac13-4987-9a99-2b7da1df0b64}</UniqueIdentifier>
    </Filter>
    <Filter Include="Cpp Source Files\_main">
      <UniqueIdentifier>{20477f14-fbc4-4df0-96a3-ba7108de6823}</UniqueIdentifier>
    </Filter>
  </ItemGroup>
  <ItemGroup>
    <ClInclude Include="..\sakura_core\Funccode_define.h">
      <Filter>Other Files</Filter>
    </ClInclude>
    <ClInclude Include="..\sakura_core\Funccode_enum.h">
      <Filter>Other Files</Filter>
    </ClInclude>
    <ClInclude Include="..\sakura_core\sakura.hh">
      <Filter>Other Files</Filter>
    </ClInclude>
    <ClInclude Include="..\sakura_core\sakura_rc.h">
      <Filter>Other Files</Filter>
    </ClInclude>
    <ClInclude Include="..\sakura_core\StdAfx.h">
      <Filter>Other Files</Filter>
    </ClInclude>
    <ClInclude Include="..\sakura_core\String_define.h">
      <Filter>Other Files</Filter>
    </ClInclude>
  </ItemGroup>
  <ItemGroup>
    <None Include="..\sakura_core\Funccode_x.hsrc">
      <Filter>Other Files</Filter>
    </None>
    <None Include="..\resource\auto_scroll_center.cur">
      <Filter>Resource Files</Filter>
    </None>
    <None Include="..\resource\auto_scroll_down.cur">
      <Filter>Resource Files</Filter>
    </None>
    <None Include="..\resource\auto_scroll_down_left.cur">
      <Filter>Resource Files</Filter>
    </None>
    <None Include="..\resource\auto_scroll_down_right.cur">
      <Filter>Resource Files</Filter>
    </None>
    <None Include="..\resource\auto_scroll_horizontal.cur">
      <Filter>Resource Files</Filter>
    </None>
    <None Include="..\resource\auto_scroll_left.cur">
      <Filter>Resource Files</Filter>
    </None>
    <None Include="..\resource\auto_scroll_right.cur">
      <Filter>Resource Files</Filter>
    </None>
    <None Include="..\resource\auto_scroll_up.cur">
      <Filter>Resource Files</Filter>
    </None>
    <None Include="..\resource\auto_scroll_up_left.cur">
      <Filter>Resource Files</Filter>
    </None>
    <None Include="..\resource\auto_scroll_up_right.cur">
      <Filter>Resource Files</Filter>
    </None>
    <None Include="..\resource\auto_scroll_vertical.cur">
      <Filter>Resource Files</Filter>
    </None>
    <None Include="..\resource\cursor_copy.cur">
      <Filter>Resource Files</Filter>
    </None>
    <None Include="..\resource\cursor_hand.cur">
      <Filter>Resource Files</Filter>
    </None>
    <None Include="..\resource\cursor_isb.cur">
      <Filter>Resource Files</Filter>
    </None>
    <None Include="..\resource\cursor_isf.cur">
      <Filter>Resource Files</Filter>
    </None>
    <None Include="..\resource\cursor_move.cur">
      <Filter>Resource Files</Filter>
    </None>
    <None Include="..\resource\cursor_rvarrow.cur">
      <Filter>Resource Files</Filter>
    </None>
    <None Include="..\resource\cursor_tab_join.cur">
      <Filter>Resource Files</Filter>
    </None>
    <None Include="..\resource\cursor_tab_separate.cur">
      <Filter>Resource Files</Filter>
    </None>
    <None Include="..\resource\MainMenu.ini">
      <Filter>Resource Files</Filter>
    </None>
  </ItemGroup>
  <ItemGroup>
    <ResourceCompile Include="..\sakura_core\sakura_rc.rc">
      <Filter>Other Files</Filter>
    </ResourceCompile>
  </ItemGroup>
  <ItemGroup>
    <ClCompile Include="..\sakura_core\StdAfx.cpp">
      <Filter>Other Files</Filter>
    </ClCompile>
    <ClCompile Include="..\sakura_core\_main\WinMain.cpp">
      <Filter>Cpp Source Files\_main</Filter>
    </ClCompile>
  </ItemGroup>
  <ItemGroup>
    <Image Include="..\resource\auto_scroll_center.bmp">
      <Filter>Resource Files</Filter>
    </Image>
    <Image Include="..\resource\auto_scroll_horizontal.bmp">
      <Filter>Resource Files</Filter>
    </Image>
    <Image Include="..\resource\auto_scroll_vertical.bmp">
      <Filter>Resource Files</Filter>
    </Image>
    <Image Include="..\resource\icon_debug.ico">
      <Filter>Resource Files</Filter>
    </Image>
    <Image Include="..\resource\icon_grep.ico">
      <Filter>Resource Files</Filter>
    </Image>
    <Image Include="..\resource\icon_std.ico">
      <Filter>Resource Files</Filter>
    </Image>
    <Image Include="..\resource\mytool.bmp">
      <Filter>Resource Files</Filter>
    </Image>
    <Image Include="..\resource\printer.ico">
      <Filter>Resource Files</Filter>
    </Image>
  </ItemGroup>
</Project>